{
  "name": "csl-preview",
  "version": "1.0.0",
  "lockfileVersion": 3,
  "requires": true,
  "packages": {
    "": {
      "name": "csl-preview",
      "version": "1.0.0",
      "dependencies": {
        "citeproc": "^2.4.63"
      }
    },
    "node_modules/citeproc": {
      "version": "2.4.63",
      "resolved": "https://registry.npmjs.org/citeproc/-/citeproc-2.4.63.tgz",
      "integrity": "sha512-68F95Bp4UbgZU/DBUGQn0qV3HDZLCdI9+Bb2ByrTaNJDL5VEm9LqaiNaxljsvoaExSLEXe1/r6n2Z06SCzW3/Q==",
      "license": "CPAL-1.0 OR AGPL-1.0"
    }
  }
}
